
Microsoft Visual Studio Solution File, Format Version 12.00
# Visual Studio Version 16
VisualStudioVersion = 16.0.29025.244
MinimumVisualStudioVersion = 10.0.40219.1
Project("{FAE04EC0-301F-11D3-BF4B-00C04F79EFBC}") = "fritid", "fritid\fritid.csproj", "{9682790E-0067-4B84-800B-03E21C2112B7}"
EndProject
Global
	GlobalSection(SolutionConfigurationPlatforms) = preSolution
		Debug|Any CPU = Debug|Any CPU
		Release|Any CPU = Release|Any CPU
	EndGlobalSection
	GlobalSection(ProjectConfigurationPlatforms) = postSolution
		{9682790E-0067-4B84-800B-03E21C2112B7}.Debug|Any CPU.ActiveCfg = Debug|Any CPU
		{9682790E-0067-4B84-800B-03E21C2112B7}.Debug|Any CPU.Build.0 = Debug|Any CPU
		{9682790E-0067-4B84-800B-03E21C2112B7}.Release|Any CPU.ActiveCfg = Release|Any CPU
		{9682790E-0067-4B84-800B-03E21C2112B7}.Release|Any CPU.Build.0 = Release|Any CPU
	EndGlobalSection
	GlobalSection(SolutionProperties) = preSolution
		HideSolutionNode = FALSE
	EndGlobalSection
	GlobalSection(ExtensibilityGlobals) = postSolution
		SolutionGuid = {70E2543A-5CDC-4781-9729-7F2A5865AB00}
	EndGlobalSection
EndGlobal
