
Microsoft Visual Studio Solution File, Format Version 12.00
# Visual Studio Version 16
VisualStudioVersion = 16.0.30104.148
MinimumVisualStudioVersion = 10.0.40219.1
Project("{FAE04EC0-301F-11D3-BF4B-00C04F79EFBC}") = "ur der kan alt", "ur der kan alt\ur der kan alt.csproj", "{B7F92360-BBE2-447D-BC87-A3C8578F08E6}"
EndProject
Global
	GlobalSection(SolutionConfigurationPlatforms) = preSolution
		Debug|Any CPU = Debug|Any CPU
		Release|Any CPU = Release|Any CPU
	EndGlobalSection
	GlobalSection(ProjectConfigurationPlatforms) = postSolution
		{B7F92360-BBE2-447D-BC87-A3C8578F08E6}.Debug|Any CPU.ActiveCfg = Debug|Any CPU
		{B7F92360-BBE2-447D-BC87-A3C8578F08E6}.Debug|Any CPU.Build.0 = Debug|Any CPU
		{B7F92360-BBE2-447D-BC87-A3C8578F08E6}.Release|Any CPU.ActiveCfg = Release|Any CPU
		{B7F92360-BBE2-447D-BC87-A3C8578F08E6}.Release|Any CPU.Build.0 = Release|Any CPU
	EndGlobalSection
	GlobalSection(SolutionProperties) = preSolution
		HideSolutionNode = FALSE
	EndGlobalSection
	GlobalSection(ExtensibilityGlobals) = postSolution
		SolutionGuid = {27826397-25F4-45A9-84CF-9839FA3946C6}
	EndGlobalSection
EndGlobal
